
Microsoft Visual Studio Solution File, Format Version 12.00
# Visual Studio Version 16
Project("{8BC9CEB8-8B4A-11D0-8D11-00A0C91BC942}") = "Volta Sandbox", "Volta Sandbox\Volta Sandbox.vcxproj", "{FACF1AF3-6690-9629-2FCB-DFA69B4ADB05}"
EndProject
Project("{8BC9CEB8-8B4A-11D0-8D11-00A0C91BC942}") = "Volta Core", "Volta Core\Volta Core.vcxproj", "{F40F0785-E0C7-48D2-49CF-212E35A6E3C2}"
EndProject
Global
	GlobalSection(SolutionConfigurationPlatforms) = preSolution
		Debug|x64 = Debug|x64
		Release|x64 = Release|x64
		Ship|x64 = Ship|x64
	EndGlobalSection
	GlobalSection(ProjectConfigurationPlatforms) = postSolution
		{FACF1AF3-6690-9629-2FCB-DFA69B4ADB05}.Debug|x64.ActiveCfg = Debug|x64
		{FACF1AF3-6690-9629-2FCB-DFA69B4ADB05}.Debug|x64.Build.0 = Debug|x64
		{FACF1AF3-6690-9629-2FCB-DFA69B4ADB05}.Release|x64.ActiveCfg = Release|x64
		{FACF1AF3-6690-9629-2FCB-DFA69B4ADB05}.Release|x64.Build.0 = Release|x64
		{FACF1AF3-6690-9629-2FCB-DFA69B4ADB05}.Ship|x64.ActiveCfg = Ship|x64
		{FACF1AF3-6690-9629-2FCB-DFA69B4ADB05}.Ship|x64.Build.0 = Ship|x64
		{F40F0785-E0C7-48D2-49CF-212E35A6E3C2}.Debug|x64.ActiveCfg = Debug|x64
		{F40F0785-E0C7-48D2-49CF-212E35A6E3C2}.Debug|x64.Build.0 = Debug|x64
		{F40F0785-E0C7-48D2-49CF-212E35A6E3C2}.Release|x64.ActiveCfg = Release|x64
		{F40F0785-E0C7-48D2-49CF-212E35A6E3C2}.Release|x64.Build.0 = Release|x64
		{F40F0785-E0C7-48D2-49CF-212E35A6E3C2}.Ship|x64.ActiveCfg = Ship|x64
		{F40F0785-E0C7-48D2-49CF-212E35A6E3C2}.Ship|x64.Build.0 = Ship|x64
	EndGlobalSection
	GlobalSection(SolutionProperties) = preSolution
		HideSolutionNode = FALSE
	EndGlobalSection
EndGlobal
